
Microsoft Visual Studio Solution File, Format Version 12.00
# Visual Studio Version 16
VisualStudioVersion = 16.0.31424.327
MinimumVisualStudioVersion = 10.0.40219.1
Project("{8BC9CEB8-8B4A-11D0-8D11-00A0C91BC942}") = "Problem2", "Problem2\Problem2.vcxproj", "{AC3307A6-98B2-4CFC-B7E1-ACAAD9EE7ADC}"
EndProject
Project("{8BC9CEB8-8B4A-11D0-8D11-00A0C91BC942}") = "Problem4", "Problem4\Problem4.vcxproj", "{3F1374C0-FCCF-4CF5-8763-24C3FB060BD8}"
EndProject
Project("{8BC9CEB8-8B4A-11D0-8D11-00A0C91BC942}") = "Problem5", "Problem5\Problem5.vcxproj", "{6C0AB4F1-6BBA-43C8-882D-0CEFF252CC3A}"
EndProject
Project("{8BC9CEB8-8B4A-11D0-8D11-00A0C91BC942}") = "Problem6", "Problem6\Problem6.vcxproj", "{E6F44ED5-BAC5-4617-BDBE-26B10BBA2B7C}"
EndProject
Project("{8BC9CEB8-8B4A-11D0-8D11-00A0C91BC942}") = "Problem8", "Problem8\Problem8.vcxproj", "{E1C95960-F395-4B57-B69E-A9F8E5B8DA6A}"
EndProject
Project("{8BC9CEB8-8B4A-11D0-8D11-00A0C91BC942}") = "Problem11", "Problem11\Problem11.vcxproj", "{2A9FFF0B-CC6C-48FB-A34A-0A012A331CA4}"
EndProject
Project("{8BC9CEB8-8B4A-11D0-8D11-00A0C91BC942}") = "Problem15", "Problem15\Problem15.vcxproj", "{A73565C3-3441-449C-B558-676D26FA8B4B}"
EndProject
Project("{8BC9CEB8-8B4A-11D0-8D11-00A0C91BC942}") = "Problem24", "Problem24\Problem24.vcxproj", "{338D5D0A-32CA-4A83-B550-E21054F43A44}"
EndProject
Project("{8BC9CEB8-8B4A-11D0-8D11-00A0C91BC942}") = "Problem16_20", "Problem16\Problem16.vcxproj", "{34BB4F04-47FD-4D03-830E-3CC8FB8FE63F}"
EndProject
Project("{8BC9CEB8-8B4A-11D0-8D11-00A0C91BC942}") = "Problem17", "Problem17\Problem17.vcxproj", "{0B7F6155-94F4-4998-830E-FC3044336773}"
EndProject
Project("{8BC9CEB8-8B4A-11D0-8D11-00A0C91BC942}") = "Problem19", "Problem19\Problem19.vcxproj", "{730D914F-1DC1-4EA0-9091-CB7E2B657A5B}"
EndProject
Project("{8BC9CEB8-8B4A-11D0-8D11-00A0C91BC942}") = "Problem14", "Problem14\Problem14.vcxproj", "{3D9FA6A5-A795-45DE-AC5C-C6829C04CD63}"
EndProject
Project("{8BC9CEB8-8B4A-11D0-8D11-00A0C91BC942}") = "Problem12", "Problem12\Problem12.vcxproj", "{4C75C1C7-C8A9-4BA0-9B09-8A8B779E6703}"
EndProject
Project("{8BC9CEB8-8B4A-11D0-8D11-00A0C91BC942}") = "Problem38", "Problem38\Problem38.vcxproj", "{343AC141-2C7D-473C-AFF9-A6BDF6FAD7BF}"
EndProject
Project("{8BC9CEB8-8B4A-11D0-8D11-00A0C91BC942}") = "Problem31", "Problem31\Problem31.vcxproj", "{7F064F54-82C0-44A5-844E-436DD5BE5F15}"
EndProject
Project("{8BC9CEB8-8B4A-11D0-8D11-00A0C91BC942}") = "Problem28", "Problem28\Problem28.vcxproj", "{626AD5A0-CA6B-4316-B8B7-19374B7BDE68}"
EndProject
Project("{8BC9CEB8-8B4A-11D0-8D11-00A0C91BC942}") = "Problem13", "Problem13\Problem13.vcxproj", "{E20F208F-3BC9-452A-A1D2-CDA83AE9856B}"
EndProject
Project("{8BC9CEB8-8B4A-11D0-8D11-00A0C91BC942}") = "Problem25", "Problem25\Problem25.vcxproj", "{CA474D2E-93D2-4E6B-8065-F0CF1CCB309A}"
EndProject
Project("{8BC9CEB8-8B4A-11D0-8D11-00A0C91BC942}") = "Problem34", "Problem34\Problem34.vcxproj", "{AFB5A43E-3FE3-4AFD-A183-E7D1ECAF8B4C}"
EndProject
Project("{8BC9CEB8-8B4A-11D0-8D11-00A0C91BC942}") = "Problem30", "Problem30\Problem30.vcxproj", "{364D5523-53E1-4651-86C9-6FD516E24CF7}"
EndProject
Project("{8BC9CEB8-8B4A-11D0-8D11-00A0C91BC942}") = "Problem41", "Problem41\Problem41.vcxproj", "{FC33A7D7-F4DF-4E56-8888-5FE196739AE9}"
EndProject
Project("{8BC9CEB8-8B4A-11D0-8D11-00A0C91BC942}") = "ProjectEulerFunctions", "ProjectEulerFunctions\ProjectEulerFunctions.vcxproj", "{EE31E9C1-ACB7-4E48-9FF5-737105EC1985}"
EndProject
Project("{8BC9CEB8-8B4A-11D0-8D11-00A0C91BC942}") = "Problem22", "Problem22\Problem22.vcxproj", "{4DF6E160-8631-491E-8561-4A405E80FAD5}"
EndProject
Project("{8BC9CEB8-8B4A-11D0-8D11-00A0C91BC942}") = "Problem29", "Problem29\Problem29.vcxproj", "{EF6F4F40-A968-4B7F-A5C0-54AD1D54CA24}"
EndProject
Project("{8BC9CEB8-8B4A-11D0-8D11-00A0C91BC942}") = "Problem43", "Problem43\Problem43.vcxproj", "{14C327E8-C1DF-4652-A0B7-B443C2DF1617}"
EndProject
Project("{8BC9CEB8-8B4A-11D0-8D11-00A0C91BC942}") = "Problem49", "Problem49\Problem49.vcxproj", "{4FF2A38B-22D1-48FF-9E0F-A8BF25D05740}"
EndProject
Project("{8BC9CEB8-8B4A-11D0-8D11-00A0C91BC942}") = "Problem42", "Problem42\Problem42.vcxproj", "{120B694A-A0EA-4211-8240-52B506EC5F9D}"
EndProject
Project("{8BC9CEB8-8B4A-11D0-8D11-00A0C91BC942}") = "Problem40", "Problem40\Problem40.vcxproj", "{DEDFEDFD-2B94-4AA0-A5D9-B7633489D724}"
EndProject
Project("{8BC9CEB8-8B4A-11D0-8D11-00A0C91BC942}") = "Problem33", "Problem33\Problem33.vcxproj", "{50EBB995-BFC7-41C7-BAEF-95D44187FF57}"
EndProject
Project("{8BC9CEB8-8B4A-11D0-8D11-00A0C91BC942}") = "Problem44", "Problem44\Problem44.vcxproj", "{80B37EF0-0639-495C-9401-E30504CE859A}"
EndProject
Project("{8BC9CEB8-8B4A-11D0-8D11-00A0C91BC942}") = "Problem45", "Problem45\Problem45.vcxproj", "{4FA86448-30F1-48A7-BDEA-8D5BC77C1AC1}"
EndProject
Project("{8BC9CEB8-8B4A-11D0-8D11-00A0C91BC942}") = "Problem26", "Problem26\Problem26.vcxproj", "{7519F81C-B5AB-4A5A-AC34-C9426462D295}"
EndProject
Project("{8BC9CEB8-8B4A-11D0-8D11-00A0C91BC942}") = "Problem48", "Problem48\Problem48.vcxproj", "{3353BDCC-A5D2-46F2-BF01-F01F335A6906}"
EndProject
Project("{8BC9CEB8-8B4A-11D0-8D11-00A0C91BC942}") = "Problem47", "Problem47\Problem47.vcxproj", "{05E3511D-8292-4510-9B0B-165BE6CAE327}"
EndProject
Project("{8BC9CEB8-8B4A-11D0-8D11-00A0C91BC942}") = "Problem18_67", "Problem18_67\Problem18_67.vcxproj", "{FC2B16A5-7633-49C0-839C-3529F9ED2B2E}"
EndProject
Project("{8BC9CEB8-8B4A-11D0-8D11-00A0C91BC942}") = "Problem52", "Problem52\Problem52.vcxproj", "{48445332-5C03-4CE0-90C1-50EC010853DC}"
EndProject
Project("{8BC9CEB8-8B4A-11D0-8D11-00A0C91BC942}") = "Problem39_75", "Problem39\Problem39.vcxproj", "{2686D9D2-DD87-46C3-823D-0225DA04633A}"
EndProject
Project("{8BC9CEB8-8B4A-11D0-8D11-00A0C91BC942}") = "Problem21", "Problem21\Problem21.vcxproj", "{C96A13BD-A593-4450-969A-776BE9DE36AF}"
EndProject
Project("{8BC9CEB8-8B4A-11D0-8D11-00A0C91BC942}") = "Problem23", "Problem23\Problem23.vcxproj", "{A8360869-8914-4991-83A3-1C1E6DA573DF}"
EndProject
Project("{8BC9CEB8-8B4A-11D0-8D11-00A0C91BC942}") = "Problem71", "Problem71\Problem71.vcxproj", "{F3FB337C-380E-48B1-84B9-B9AE6B8F7994}"
EndProject
Project("{8BC9CEB8-8B4A-11D0-8D11-00A0C91BC942}") = "Problem57", "Problem57\Problem57.vcxproj", "{EE07BF8F-8067-43A8-B72A-7C529402BCA2}"
EndProject
Project("{8BC9CEB8-8B4A-11D0-8D11-00A0C91BC942}") = "Problem58", "Problem58\Problem58.vcxproj", "{25D495A4-94C5-43E9-97C5-27644958BDFB}"
EndProject
Project("{8BC9CEB8-8B4A-11D0-8D11-00A0C91BC942}") = "Problem72", "Problem72\Problem72.vcxproj", "{31D2709F-D9FD-4121-8CFC-C48428C910CD}"
EndProject
Project("{8BC9CEB8-8B4A-11D0-8D11-00A0C91BC942}") = "Problem73", "Problem73\Problem73.vcxproj", "{E2645236-98EC-46BC-907D-94AE9408C3B0}"
EndProject
Project("{8BC9CEB8-8B4A-11D0-8D11-00A0C91BC942}") = "Problem53", "Problem53\Problem53.vcxproj", "{60DEB985-B861-4257-9B1D-830DB7FB762A}"
EndProject
Project("{8BC9CEB8-8B4A-11D0-8D11-00A0C91BC942}") = "Problem85", "Problem85\Problem85.vcxproj", "{5C3DCE86-74F5-4258-93C0-4D7A354CAB81}"
EndProject
Project("{8BC9CEB8-8B4A-11D0-8D11-00A0C91BC942}") = "Problem35", "Problem35\Problem35.vcxproj", "{CB27083A-9D1C-49AE-BCFA-63187D1C8A20}"
EndProject
Project("{8BC9CEB8-8B4A-11D0-8D11-00A0C91BC942}") = "Problem63", "Problem63\Problem63.vcxproj", "{2573E3A8-ED0D-4EB6-8792-072AB503F674}"
EndProject
Project("{8BC9CEB8-8B4A-11D0-8D11-00A0C91BC942}") = "Problem69", "Problem69\Problem69.vcxproj", "{66B0E927-B67C-4A35-B0CD-DF9361162ED0}"
EndProject
Project("{8BC9CEB8-8B4A-11D0-8D11-00A0C91BC942}") = "Problem96", "Problem96\Problem96.vcxproj", "{2D40DCBC-4D1D-475A-86F3-452750A7C68D}"
EndProject
Project("{8BC9CEB8-8B4A-11D0-8D11-00A0C91BC942}") = "Problem79", "Problem79\Problem79.vcxproj", "{2AE502B7-309B-42A0-8A86-EE27F1579F97}"
EndProject
Project("{8BC9CEB8-8B4A-11D0-8D11-00A0C91BC942}") = "Problem46", "Problem46\Problem46.vcxproj", "{164BCAE3-7D30-4DC6-982B-1FCE3B9E6D13}"
EndProject
Project("{8BC9CEB8-8B4A-11D0-8D11-00A0C91BC942}") = "Problem36", "Problem36\Problem36.vcxproj", "{7A9896E4-5C49-4B88-91CC-8AD34C9B2CCC}"
EndProject
Project("{8BC9CEB8-8B4A-11D0-8D11-00A0C91BC942}") = "Problem97", "Problem97\Problem97.vcxproj", "{314AC709-7309-4F26-818B-9478257552F6}"
EndProject
Project("{8BC9CEB8-8B4A-11D0-8D11-00A0C91BC942}") = "Problem92", "Problem92\Problem92.vcxproj", "{897A85DB-160C-47C9-A525-99CA46E4AD18}"
EndProject
Project("{8BC9CEB8-8B4A-11D0-8D11-00A0C91BC942}") = "Problem99", "Problem99\Problem99.vcxproj", "{9E8DE84D-22F6-41B1-A043-4597F471C839}"
EndProject
Project("{8BC9CEB8-8B4A-11D0-8D11-00A0C91BC942}") = "Problem50", "Problem50\Problem50.vcxproj", "{451F51F5-0F6B-4187-9D6B-38DC15E74FAF}"
EndProject
Project("{8BC9CEB8-8B4A-11D0-8D11-00A0C91BC942}") = "Problem37", "Problem37\Problem37.vcxproj", "{B49841D7-87D2-4865-85FF-5B1899714DD0}"
EndProject
Project("{8BC9CEB8-8B4A-11D0-8D11-00A0C91BC942}") = "Problem70", "Problem70\Problem70.vcxproj", "{AA6089DF-3FCF-4C28-A8B8-71EAFCA85A5F}"
EndProject
Project("{8BC9CEB8-8B4A-11D0-8D11-00A0C91BC942}") = "Problem55", "Problem55\Problem55.vcxproj", "{29DD21D5-0700-4483-BE82-BA7D9DC8EA3B}"
EndProject
Project("{8BC9CEB8-8B4A-11D0-8D11-00A0C91BC942}") = "Problem27", "Problem27\Problem27.vcxproj", "{CD32FC1E-54FA-48B0-B643-5D1135DF509B}"
EndProject
Project("{8BC9CEB8-8B4A-11D0-8D11-00A0C91BC942}") = "Problem32", "Problem32\Problem32.vcxproj", "{97F69997-7543-4425-807B-D0937525FD84}"
EndProject
Project("{8BC9CEB8-8B4A-11D0-8D11-00A0C91BC942}") = "Problem89", "Problem89\Problem89.vcxproj", "{2187D3A2-9AE2-47FA-94F2-CA3C3A03F37D}"
EndProject
Project("{8BC9CEB8-8B4A-11D0-8D11-00A0C91BC942}") = "Problem76_77", "Problem76\Problem76.vcxproj", "{4940985A-C2D8-4898-95BF-FC8A2667E067}"
EndProject
Project("{8BC9CEB8-8B4A-11D0-8D11-00A0C91BC942}") = "Problem68", "Problem68\Problem68.vcxproj", "{7AA847B5-23C3-4C9E-AC85-0D189C8B201B}"
EndProject
Project("{8BC9CEB8-8B4A-11D0-8D11-00A0C91BC942}") = "Problem62", "Problem62\Problem62.vcxproj", "{CC13211A-4847-462D-BE24-A27B197AABE9}"
EndProject
Project("{8BC9CEB8-8B4A-11D0-8D11-00A0C91BC942}") = "Problem59", "Problem59\Problem59.vcxproj", "{A22B1DD5-28F5-492F-B128-C35EA80E5BF2}"
EndProject
Project("{8BC9CEB8-8B4A-11D0-8D11-00A0C91BC942}") = "Problem56", "Problem56\Problem56.vcxproj", "{64A8D088-71D7-42A0-AC84-04CE05B2A2E0}"
EndProject
Project("{8BC9CEB8-8B4A-11D0-8D11-00A0C91BC942}") = "Problem80", "Problem80\Problem80.vcxproj", "{02B44C1B-0045-4030-A914-9D3A1A6D6E8A}"
EndProject
Project("{8BC9CEB8-8B4A-11D0-8D11-00A0C91BC942}") = "Problem81", "Problem81\Problem81.vcxproj", "{6E99EAC3-A7E7-4275-B31D-ACB031A3DEBD}"
EndProject
Project("{8BC9CEB8-8B4A-11D0-8D11-00A0C91BC942}") = "Problem82", "Problem82\Problem82.vcxproj", "{F032D72B-67A7-4BE0-B695-2FAD507D90A8}"
EndProject
Project("{8BC9CEB8-8B4A-11D0-8D11-00A0C91BC942}") = "Problem65", "Problem65\Problem65.vcxproj", "{A14BC00F-48D7-4D69-A90D-F047BD91A045}"
EndProject
Project("{8BC9CEB8-8B4A-11D0-8D11-00A0C91BC942}") = "Problem64", "Problem64\Problem64.vcxproj", "{8119FFBA-D598-46F4-BF77-EBF3986BA868}"
EndProject
Project("{8BC9CEB8-8B4A-11D0-8D11-00A0C91BC942}") = "Problem100", "Problem100\Problem100.vcxproj", "{F9EEBF30-0D21-4B8C-AFA4-1DA0E1050DE3}"
EndProject
Project("{8BC9CEB8-8B4A-11D0-8D11-00A0C91BC942}") = "Problem78", "Problem78\Problem78.vcxproj", "{9A0A124D-D654-42EB-BEF4-4D50DF1E79E7}"
EndProject
Project("{8BC9CEB8-8B4A-11D0-8D11-00A0C91BC942}") = "Problem54", "Problem54\Problem54.vcxproj", "{62EE2A42-99EA-4CA3-97BC-DBB51172BE78}"
EndProject
Project("{8BC9CEB8-8B4A-11D0-8D11-00A0C91BC942}") = "Problem87", "Problem87\Problem87.vcxproj", "{BE2C3362-1B91-4984-AEFA-97A69A582EA2}"
EndProject
Global
	GlobalSection(SolutionConfigurationPlatforms) = preSolution
		Debug|x64 = Debug|x64
		Debug|x86 = Debug|x86
		Release|x64 = Release|x64
		Release|x86 = Release|x86
	EndGlobalSection
	GlobalSection(ProjectConfigurationPlatforms) = postSolution
		{AC3307A6-98B2-4CFC-B7E1-ACAAD9EE7ADC}.Debug|x64.ActiveCfg = Debug|x64
		{AC3307A6-98B2-4CFC-B7E1-ACAAD9EE7ADC}.Debug|x64.Build.0 = Debug|x64
		{AC3307A6-98B2-4CFC-B7E1-ACAAD9EE7ADC}.Debug|x86.ActiveCfg = Debug|Win32
		{AC3307A6-98B2-4CFC-B7E1-ACAAD9EE7ADC}.Debug|x86.Build.0 = Debug|Win32
		{AC3307A6-98B2-4CFC-B7E1-ACAAD9EE7ADC}.Release|x64.ActiveCfg = Release|x64
		{AC3307A6-98B2-4CFC-B7E1-ACAAD9EE7ADC}.Release|x64.Build.0 = Release|x64
		{AC3307A6-98B2-4CFC-B7E1-ACAAD9EE7ADC}.Release|x86.ActiveCfg = Release|Win32
		{AC3307A6-98B2-4CFC-B7E1-ACAAD9EE7ADC}.Release|x86.Build.0 = Release|Win32
		{3F1374C0-FCCF-4CF5-8763-24C3FB060BD8}.Debug|x64.ActiveCfg = Debug|x64
		{3F1374C0-FCCF-4CF5-8763-24C3FB060BD8}.Debug|x64.Build.0 = Debug|x64
		{3F1374C0-FCCF-4CF5-8763-24C3FB060BD8}.Debug|x86.ActiveCfg = Debug|Win32
		{3F1374C0-FCCF-4CF5-8763-24C3FB060BD8}.Debug|x86.Build.0 = Debug|Win32
		{3F1374C0-FCCF-4CF5-8763-24C3FB060BD8}.Release|x64.ActiveCfg = Release|x64
		{3F1374C0-FCCF-4CF5-8763-24C3FB060BD8}.Release|x64.Build.0 = Release|x64
		{3F1374C0-FCCF-4CF5-8763-24C3FB060BD8}.Release|x86.ActiveCfg = Release|Win32
		{3F1374C0-FCCF-4CF5-8763-24C3FB060BD8}.Release|x86.Build.0 = Release|Win32
		{6C0AB4F1-6BBA-43C8-882D-0CEFF252CC3A}.Debug|x64.ActiveCfg = Debug|x64
		{6C0AB4F1-6BBA-43C8-882D-0CEFF252CC3A}.Debug|x64.Build.0 = Debug|x64
		{6C0AB4F1-6BBA-43C8-882D-0CEFF252CC3A}.Debug|x86.ActiveCfg = Debug|Win32
		{6C0AB4F1-6BBA-43C8-882D-0CEFF252CC3A}.Debug|x86.Build.0 = Debug|Win32
		{6C0AB4F1-6BBA-43C8-882D-0CEFF252CC3A}.Release|x64.ActiveCfg = Release|x64
		{6C0AB4F1-6BBA-43C8-882D-0CEFF252CC3A}.Release|x64.Build.0 = Release|x64
		{6C0AB4F1-6BBA-43C8-882D-0CEFF252CC3A}.Release|x86.ActiveCfg = Release|Win32
		{6C0AB4F1-6BBA-43C8-882D-0CEFF252CC3A}.Release|x86.Build.0 = Release|Win32
		{E6F44ED5-BAC5-4617-BDBE-26B10BBA2B7C}.Debug|x64.ActiveCfg = Debug|x64
		{E6F44ED5-BAC5-4617-BDBE-26B10BBA2B7C}.Debug|x64.Build.0 = Debug|x64
		{E6F44ED5-BAC5-4617-BDBE-26B10BBA2B7C}.Debug|x86.ActiveCfg = Debug|Win32
		{E6F44ED5-BAC5-4617-BDBE-26B10BBA2B7C}.Debug|x86.Build.0 = Debug|Win32
		{E6F44ED5-BAC5-4617-BDBE-26B10BBA2B7C}.Release|x64.ActiveCfg = Release|x64
		{E6F44ED5-BAC5-4617-BDBE-26B10BBA2B7C}.Release|x64.Build.0 = Release|x64
		{E6F44ED5-BAC5-4617-BDBE-26B10BBA2B7C}.Release|x86.ActiveCfg = Release|Win32
		{E6F44ED5-BAC5-4617-BDBE-26B10BBA2B7C}.Release|x86.Build.0 = Release|Win32
		{E1C95960-F395-4B57-B69E-A9F8E5B8DA6A}.Debug|x64.ActiveCfg = Debug|x64
		{E1C95960-F395-4B57-B69E-A9F8E5B8DA6A}.Debug|x64.Build.0 = Debug|x64
		{E1C95960-F395-4B57-B69E-A9F8E5B8DA6A}.Debug|x86.ActiveCfg = Debug|Win32
		{E1C95960-F395-4B57-B69E-A9F8E5B8DA6A}.Debug|x86.Build.0 = Debug|Win32
		{E1C95960-F395-4B57-B69E-A9F8E5B8DA6A}.Release|x64.ActiveCfg = Release|x64
		{E1C95960-F395-4B57-B69E-A9F8E5B8DA6A}.Release|x64.Build.0 = Release|x64
		{E1C95960-F395-4B57-B69E-A9F8E5B8DA6A}.Release|x86.ActiveCfg = Release|Win32
		{E1C95960-F395-4B57-B69E-A9F8E5B8DA6A}.Release|x86.Build.0 = Release|Win32
		{2A9FFF0B-CC6C-48FB-A34A-0A012A331CA4}.Debug|x64.ActiveCfg = Debug|x64
		{2A9FFF0B-CC6C-48FB-A34A-0A012A331CA4}.Debug|x64.Build.0 = Debug|x64
		{2A9FFF0B-CC6C-48FB-A34A-0A012A331CA4}.Debug|x86.ActiveCfg = Debug|Win32
		{2A9FFF0B-CC6C-48FB-A34A-0A012A331CA4}.Debug|x86.Build.0 = Debug|Win32
		{2A9FFF0B-CC6C-48FB-A34A-0A012A331CA4}.Release|x64.ActiveCfg = Release|x64
		{2A9FFF0B-CC6C-48FB-A34A-0A012A331CA4}.Release|x64.Build.0 = Release|x64
		{2A9FFF0B-CC6C-48FB-A34A-0A012A331CA4}.Release|x86.ActiveCfg = Release|Win32
		{2A9FFF0B-CC6C-48FB-A34A-0A012A331CA4}.Release|x86.Build.0 = Release|Win32
		{A73565C3-3441-449C-B558-676D26FA8B4B}.Debug|x64.ActiveCfg = Debug|x64
		{A73565C3-3441-449C-B558-676D26FA8B4B}.Debug|x64.Build.0 = Debug|x64
		{A73565C3-3441-449C-B558-676D26FA8B4B}.Debug|x86.ActiveCfg = Debug|Win32
		{A73565C3-3441-449C-B558-676D26FA8B4B}.Debug|x86.Build.0 = Debug|Win32
		{A73565C3-3441-449C-B558-676D26FA8B4B}.Release|x64.ActiveCfg = Release|x64
		{A73565C3-3441-449C-B558-676D26FA8B4B}.Release|x64.Build.0 = Release|x64
		{A73565C3-3441-449C-B558-676D26FA8B4B}.Release|x86.ActiveCfg = Release|Win32
		{A73565C3-3441-449C-B558-676D26FA8B4B}.Release|x86.Build.0 = Release|Win32
		{338D5D0A-32CA-4A83-B550-E21054F43A44}.Debug|x64.ActiveCfg = Debug|x64
		{338D5D0A-32CA-4A83-B550-E21054F43A44}.Debug|x64.Build.0 = Debug|x64
		{338D5D0A-32CA-4A83-B550-E21054F43A44}.Debug|x86.ActiveCfg = Debug|Win32
		{338D5D0A-32CA-4A83-B550-E21054F43A44}.Debug|x86.Build.0 = Debug|Win32
		{338D5D0A-32CA-4A83-B550-E21054F43A44}.Release|x64.ActiveCfg = Release|x64
		{338D5D0A-32CA-4A83-B550-E21054F43A44}.Release|x64.Build.0 = Release|x64
		{338D5D0A-32CA-4A83-B550-E21054F43A44}.Release|x86.ActiveCfg = Release|Win32
		{338D5D0A-32CA-4A83-B550-E21054F43A44}.Release|x86.Build.0 = Release|Win32
		{34BB4F04-47FD-4D03-830E-3CC8FB8FE63F}.Debug|x64.ActiveCfg = Debug|x64
		{34BB4F04-47FD-4D03-830E-3CC8FB8FE63F}.Debug|x64.Build.0 = Debug|x64
		{34BB4F04-47FD-4D03-830E-3CC8FB8FE63F}.Debug|x86.ActiveCfg = Debug|Win32
		{34BB4F04-47FD-4D03-830E-3CC8FB8FE63F}.Debug|x86.Build.0 = Debug|Win32
		{34BB4F04-47FD-4D03-830E-3CC8FB8FE63F}.Release|x64.ActiveCfg = Release|x64
		{34BB4F04-47FD-4D03-830E-3CC8FB8FE63F}.Release|x64.Build.0 = Release|x64
		{34BB4F04-47FD-4D03-830E-3CC8FB8FE63F}.Release|x86.ActiveCfg = Release|Win32
		{34BB4F04-47FD-4D03-830E-3CC8FB8FE63F}.Release|x86.Build.0 = Release|Win32
		{0B7F6155-94F4-4998-830E-FC3044336773}.Debug|x64.ActiveCfg = Debug|x64
		{0B7F6155-94F4-4998-830E-FC3044336773}.Debug|x64.Build.0 = Debug|x64
		{0B7F6155-94F4-4998-830E-FC3044336773}.Debug|x86.ActiveCfg = Debug|Win32
		{0B7F6155-94F4-4998-830E-FC3044336773}.Debug|x86.Build.0 = Debug|Win32
		{0B7F6155-94F4-4998-830E-FC3044336773}.Release|x64.ActiveCfg = Release|x64
		{0B7F6155-94F4-4998-830E-FC3044336773}.Release|x64.Build.0 = Release|x64
		{0B7F6155-94F4-4998-830E-FC3044336773}.Release|x86.ActiveCfg = Release|Win32
		{0B7F6155-94F4-4998-830E-FC3044336773}.Release|x86.Build.0 = Release|Win32
		{730D914F-1DC1-4EA0-9091-CB7E2B657A5B}.Debug|x64.ActiveCfg = Debug|x64
		{730D914F-1DC1-4EA0-9091-CB7E2B657A5B}.Debug|x64.Build.0 = Debug|x64
		{730D914F-1DC1-4EA0-9091-CB7E2B657A5B}.Debug|x86.ActiveCfg = Debug|Win32
		{730D914F-1DC1-4EA0-9091-CB7E2B657A5B}.Debug|x86.Build.0 = Debug|Win32
		{730D914F-1DC1-4EA0-9091-CB7E2B657A5B}.Release|x64.ActiveCfg = Release|x64
		{730D914F-1DC1-4EA0-9091-CB7E2B657A5B}.Release|x64.Build.0 = Release|x64
		{730D914F-1DC1-4EA0-9091-CB7E2B657A5B}.Release|x86.ActiveCfg = Release|Win32
		{730D914F-1DC1-4EA0-9091-CB7E2B657A5B}.Release|x86.Build.0 = Release|Win32
		{3D9FA6A5-A795-45DE-AC5C-C6829C04CD63}.Debug|x64.ActiveCfg = Debug|x64
		{3D9FA6A5-A795-45DE-AC5C-C6829C04CD63}.Debug|x64.Build.0 = Debug|x64
		{3D9FA6A5-A795-45DE-AC5C-C6829C04CD63}.Debug|x86.ActiveCfg = Debug|Win32
		{3D9FA6A5-A795-45DE-AC5C-C6829C04CD63}.Debug|x86.Build.0 = Debug|Win32
		{3D9FA6A5-A795-45DE-AC5C-C6829C04CD63}.Release|x64.ActiveCfg = Release|x64
		{3D9FA6A5-A795-45DE-AC5C-C6829C04CD63}.Release|x64.Build.0 = Release|x64
		{3D9FA6A5-A795-45DE-AC5C-C6829C04CD63}.Release|x86.ActiveCfg = Release|Win32
		{3D9FA6A5-A795-45DE-AC5C-C6829C04CD63}.Release|x86.Build.0 = Release|Win32
		{4C75C1C7-C8A9-4BA0-9B09-8A8B779E6703}.Debug|x64.ActiveCfg = Debug|x64
		{4C75C1C7-C8A9-4BA0-9B09-8A8B779E6703}.Debug|x64.Build.0 = Debug|x64
		{4C75C1C7-C8A9-4BA0-9B09-8A8B779E6703}.Debug|x86.ActiveCfg = Debug|Win32
		{4C75C1C7-C8A9-4BA0-9B09-8A8B779E6703}.Debug|x86.Build.0 = Debug|Win32
		{4C75C1C7-C8A9-4BA0-9B09-8A8B779E6703}.Release|x64.ActiveCfg = Release|x64
		{4C75C1C7-C8A9-4BA0-9B09-8A8B779E6703}.Release|x64.Build.0 = Release|x64
		{4C75C1C7-C8A9-4BA0-9B09-8A8B779E6703}.Release|x86.ActiveCfg = Release|Win32
		{4C75C1C7-C8A9-4BA0-9B09-8A8B779E6703}.Release|x86.Build.0 = Release|Win32
		{343AC141-2C7D-473C-AFF9-A6BDF6FAD7BF}.Debug|x64.ActiveCfg = Debug|x64
		{343AC141-2C7D-473C-AFF9-A6BDF6FAD7BF}.Debug|x64.Build.0 = Debug|x64
		{343AC141-2C7D-473C-AFF9-A6BDF6FAD7BF}.Debug|x86.ActiveCfg = Debug|Win32
		{343AC141-2C7D-473C-AFF9-A6BDF6FAD7BF}.Debug|x86.Build.0 = Debug|Win32
		{343AC141-2C7D-473C-AFF9-A6BDF6FAD7BF}.Release|x64.ActiveCfg = Release|x64
		{343AC141-2C7D-473C-AFF9-A6BDF6FAD7BF}.Release|x64.Build.0 = Release|x64
		{343AC141-2C7D-473C-AFF9-A6BDF6FAD7BF}.Release|x86.ActiveCfg = Release|Win32
		{343AC141-2C7D-473C-AFF9-A6BDF6FAD7BF}.Release|x86.Build.0 = Release|Win32
		{7F064F54-82C0-44A5-844E-436DD5BE5F15}.Debug|x64.ActiveCfg = Debug|x64
		{7F064F54-82C0-44A5-844E-436DD5BE5F15}.Debug|x64.Build.0 = Debug|x64
		{7F064F54-82C0-44A5-844E-436DD5BE5F15}.Debug|x86.ActiveCfg = Debug|Win32
		{7F064F54-82C0-44A5-844E-436DD5BE5F15}.Debug|x86.Build.0 = Debug|Win32
		{7F064F54-82C0-44A5-844E-436DD5BE5F15}.Release|x64.ActiveCfg = Release|x64
		{7F064F54-82C0-44A5-844E-436DD5BE5F15}.Release|x64.Build.0 = Release|x64
		{7F064F54-82C0-44A5-844E-436DD5BE5F15}.Release|x86.ActiveCfg = Release|Win32
		{7F064F54-82C0-44A5-844E-436DD5BE5F15}.Release|x86.Build.0 = Release|Win32
		{626AD5A0-CA6B-4316-B8B7-19374B7BDE68}.Debug|x64.ActiveCfg = Debug|x64
		{626AD5A0-CA6B-4316-B8B7-19374B7BDE68}.Debug|x64.Build.0 = Debug|x64
		{626AD5A0-CA6B-4316-B8B7-19374B7BDE68}.Debug|x86.ActiveCfg = Debug|Win32
		{626AD5A0-CA6B-4316-B8B7-19374B7BDE68}.Debug|x86.Build.0 = Debug|Win32
		{626AD5A0-CA6B-4316-B8B7-19374B7BDE68}.Release|x64.ActiveCfg = Release|x64
		{626AD5A0-CA6B-4316-B8B7-19374B7BDE68}.Release|x64.Build.0 = Release|x64
		{626AD5A0-CA6B-4316-B8B7-19374B7BDE68}.Release|x86.ActiveCfg = Release|Win32
		{626AD5A0-CA6B-4316-B8B7-19374B7BDE68}.Release|x86.Build.0 = Release|Win32
		{E20F208F-3BC9-452A-A1D2-CDA83AE9856B}.Debug|x64.ActiveCfg = Debug|x64
		{E20F208F-3BC9-452A-A1D2-CDA83AE9856B}.Debug|x64.Build.0 = Debug|x64
		{E20F208F-3BC9-452A-A1D2-CDA83AE9856B}.Debug|x86.ActiveCfg = Debug|Win32
		{E20F208F-3BC9-452A-A1D2-CDA83AE9856B}.Debug|x86.Build.0 = Debug|Win32
		{E20F208F-3BC9-452A-A1D2-CDA83AE9856B}.Release|x64.ActiveCfg = Release|x64
		{E20F208F-3BC9-452A-A1D2-CDA83AE9856B}.Release|x64.Build.0 = Release|x64
		{E20F208F-3BC9-452A-A1D2-CDA83AE9856B}.Release|x86.ActiveCfg = Release|Win32
		{E20F208F-3BC9-452A-A1D2-CDA83AE9856B}.Release|x86.Build.0 = Release|Win32
		{CA474D2E-93D2-4E6B-8065-F0CF1CCB309A}.Debug|x64.ActiveCfg = Debug|x64
		{CA474D2E-93D2-4E6B-8065-F0CF1CCB309A}.Debug|x64.Build.0 = Debug|x64
		{CA474D2E-93D2-4E6B-8065-F0CF1CCB309A}.Debug|x86.ActiveCfg = Debug|Win32
		{CA474D2E-93D2-4E6B-8065-F0CF1CCB309A}.Debug|x86.Build.0 = Debug|Win32
		{CA474D2E-93D2-4E6B-8065-F0CF1CCB309A}.Release|x64.ActiveCfg = Release|x64
		{CA474D2E-93D2-4E6B-8065-F0CF1CCB309A}.Release|x64.Build.0 = Release|x64
		{CA474D2E-93D2-4E6B-8065-F0CF1CCB309A}.Release|x86.ActiveCfg = Release|Win32
		{CA474D2E-93D2-4E6B-8065-F0CF1CCB309A}.Release|x86.Build.0 = Release|Win32
		{AFB5A43E-3FE3-4AFD-A183-E7D1ECAF8B4C}.Debug|x64.ActiveCfg = Debug|x64
		{AFB5A43E-3FE3-4AFD-A183-E7D1ECAF8B4C}.Debug|x64.Build.0 = Debug|x64
		{AFB5A43E-3FE3-4AFD-A183-E7D1ECAF8B4C}.Debug|x86.ActiveCfg = Debug|Win32
		{AFB5A43E-3FE3-4AFD-A183-E7D1ECAF8B4C}.Debug|x86.Build.0 = Debug|Win32
		{AFB5A43E-3FE3-4AFD-A183-E7D1ECAF8B4C}.Release|x64.ActiveCfg = Release|x64
		{AFB5A43E-3FE3-4AFD-A183-E7D1ECAF8B4C}.Release|x64.Build.0 = Release|x64
		{AFB5A43E-3FE3-4AFD-A183-E7D1ECAF8B4C}.Release|x86.ActiveCfg = Release|Win32
		{AFB5A43E-3FE3-4AFD-A183-E7D1ECAF8B4C}.Release|x86.Build.0 = Release|Win32
		{364D5523-53E1-4651-86C9-6FD516E24CF7}.Debug|x64.ActiveCfg = Debug|x64
		{364D5523-53E1-4651-86C9-6FD516E24CF7}.Debug|x64.Build.0 = Debug|x64
		{364D5523-53E1-4651-86C9-6FD516E24CF7}.Debug|x86.ActiveCfg = Debug|Win32
		{364D5523-53E1-4651-86C9-6FD516E24CF7}.Debug|x86.Build.0 = Debug|Win32
		{364D5523-53E1-4651-86C9-6FD516E24CF7}.Release|x64.ActiveCfg = Release|x64
		{364D5523-53E1-4651-86C9-6FD516E24CF7}.Release|x64.Build.0 = Release|x64
		{364D5523-53E1-4651-86C9-6FD516E24CF7}.Release|x86.ActiveCfg = Release|Win32
		{364D5523-53E1-4651-86C9-6FD516E24CF7}.Release|x86.Build.0 = Release|Win32
		{FC33A7D7-F4DF-4E56-8888-5FE196739AE9}.Debug|x64.ActiveCfg = Debug|x64
		{FC33A7D7-F4DF-4E56-8888-5FE196739AE9}.Debug|x64.Build.0 = Debug|x64
		{FC33A7D7-F4DF-4E56-8888-5FE196739AE9}.Debug|x86.ActiveCfg = Debug|Win32
		{FC33A7D7-F4DF-4E56-8888-5FE196739AE9}.Debug|x86.Build.0 = Debug|Win32
		{FC33A7D7-F4DF-4E56-8888-5FE196739AE9}.Release|x64.ActiveCfg = Release|x64
		{FC33A7D7-F4DF-4E56-8888-5FE196739AE9}.Release|x64.Build.0 = Release|x64
		{FC33A7D7-F4DF-4E56-8888-5FE196739AE9}.Release|x86.ActiveCfg = Release|Win32
		{FC33A7D7-F4DF-4E56-8888-5FE196739AE9}.Release|x86.Build.0 = Release|Win32
		{EE31E9C1-ACB7-4E48-9FF5-737105EC1985}.Debug|x64.ActiveCfg = Debug|x64
		{EE31E9C1-ACB7-4E48-9FF5-737105EC1985}.Debug|x64.Build.0 = Debug|x64
		{EE31E9C1-ACB7-4E48-9FF5-737105EC1985}.Debug|x86.ActiveCfg = Debug|Win32
		{EE31E9C1-ACB7-4E48-9FF5-737105EC1985}.Debug|x86.Build.0 = Debug|Win32
		{EE31E9C1-ACB7-4E48-9FF5-737105EC1985}.Release|x64.ActiveCfg = Release|x64
		{EE31E9C1-ACB7-4E48-9FF5-737105EC1985}.Release|x64.Build.0 = Release|x64
		{EE31E9C1-ACB7-4E48-9FF5-737105EC1985}.Release|x86.ActiveCfg = Release|Win32
		{EE31E9C1-ACB7-4E48-9FF5-737105EC1985}.Release|x86.Build.0 = Release|Win32
		{4DF6E160-8631-491E-8561-4A405E80FAD5}.Debug|x64.ActiveCfg = Debug|x64
		{4DF6E160-8631-491E-8561-4A405E80FAD5}.Debug|x64.Build.0 = Debug|x64
		{4DF6E160-8631-491E-8561-4A405E80FAD5}.Debug|x86.ActiveCfg = Debug|Win32
		{4DF6E160-8631-491E-8561-4A405E80FAD5}.Debug|x86.Build.0 = Debug|Win32
		{4DF6E160-8631-491E-8561-4A405E80FAD5}.Release|x64.ActiveCfg = Release|x64
		{4DF6E160-8631-491E-8561-4A405E80FAD5}.Release|x64.Build.0 = Release|x64
		{4DF6E160-8631-491E-8561-4A405E80FAD5}.Release|x86.ActiveCfg = Release|Win32
		{4DF6E160-8631-491E-8561-4A405E80FAD5}.Release|x86.Build.0 = Release|Win32
		{EF6F4F40-A968-4B7F-A5C0-54AD1D54CA24}.Debug|x64.ActiveCfg = Debug|x64
		{EF6F4F40-A968-4B7F-A5C0-54AD1D54CA24}.Debug|x64.Build.0 = Debug|x64
		{EF6F4F40-A968-4B7F-A5C0-54AD1D54CA24}.Debug|x86.ActiveCfg = Debug|Win32
		{EF6F4F40-A968-4B7F-A5C0-54AD1D54CA24}.Debug|x86.Build.0 = Debug|Win32
		{EF6F4F40-A968-4B7F-A5C0-54AD1D54CA24}.Release|x64.ActiveCfg = Release|x64
		{EF6F4F40-A968-4B7F-A5C0-54AD1D54CA24}.Release|x64.Build.0 = Release|x64
		{EF6F4F40-A968-4B7F-A5C0-54AD1D54CA24}.Release|x86.ActiveCfg = Release|Win32
		{EF6F4F40-A968-4B7F-A5C0-54AD1D54CA24}.Release|x86.Build.0 = Release|Win32
		{14C327E8-C1DF-4652-A0B7-B443C2DF1617}.Debug|x64.ActiveCfg = Debug|x64
		{14C327E8-C1DF-4652-A0B7-B443C2DF1617}.Debug|x64.Build.0 = Debug|x64
		{14C327E8-C1DF-4652-A0B7-B443C2DF1617}.Debug|x86.ActiveCfg = Debug|Win32
		{14C327E8-C1DF-4652-A0B7-B443C2DF1617}.Debug|x86.Build.0 = Debug|Win32
		{14C327E8-C1DF-4652-A0B7-B443C2DF1617}.Release|x64.ActiveCfg = Release|x64
		{14C327E8-C1DF-4652-A0B7-B443C2DF1617}.Release|x64.Build.0 = Release|x64
		{14C327E8-C1DF-4652-A0B7-B443C2DF1617}.Release|x86.ActiveCfg = Release|Win32
		{14C327E8-C1DF-4652-A0B7-B443C2DF1617}.Release|x86.Build.0 = Release|Win32
		{4FF2A38B-22D1-48FF-9E0F-A8BF25D05740}.Debug|x64.ActiveCfg = Debug|x64
		{4FF2A38B-22D1-48FF-9E0F-A8BF25D05740}.Debug|x64.Build.0 = Debug|x64
		{4FF2A38B-22D1-48FF-9E0F-A8BF25D05740}.Debug|x86.ActiveCfg = Debug|Win32
		{4FF2A38B-22D1-48FF-9E0F-A8BF25D05740}.Debug|x86.Build.0 = Debug|Win32
		{4FF2A38B-22D1-48FF-9E0F-A8BF25D05740}.Release|x64.ActiveCfg = Release|x64
		{4FF2A38B-22D1-48FF-9E0F-A8BF25D05740}.Release|x64.Build.0 = Release|x64
		{4FF2A38B-22D1-48FF-9E0F-A8BF25D05740}.Release|x86.ActiveCfg = Release|Win32
		{4FF2A38B-22D1-48FF-9E0F-A8BF25D05740}.Release|x86.Build.0 = Release|Win32
		{120B694A-A0EA-4211-8240-52B506EC5F9D}.Debug|x64.ActiveCfg = Debug|x64
		{120B694A-A0EA-4211-8240-52B506EC5F9D}.Debug|x64.Build.0 = Debug|x64
		{120B694A-A0EA-4211-8240-52B506EC5F9D}.Debug|x86.ActiveCfg = Debug|Win32
		{120B694A-A0EA-4211-8240-52B506EC5F9D}.Debug|x86.Build.0 = Debug|Win32
		{120B694A-A0EA-4211-8240-52B506EC5F9D}.Release|x64.ActiveCfg = Release|x64
		{120B694A-A0EA-4211-8240-52B506EC5F9D}.Release|x64.Build.0 = Release|x64
		{120B694A-A0EA-4211-8240-52B506EC5F9D}.Release|x86.ActiveCfg = Release|Win32
		{120B694A-A0EA-4211-8240-52B506EC5F9D}.Release|x86.Build.0 = Release|Win32
		{DEDFEDFD-2B94-4AA0-A5D9-B7633489D724}.Debug|x64.ActiveCfg = Debug|x64
		{DEDFEDFD-2B94-4AA0-A5D9-B7633489D724}.Debug|x64.Build.0 = Debug|x64
		{DEDFEDFD-2B94-4AA0-A5D9-B7633489D724}.Debug|x86.ActiveCfg = Debug|Win32
		{DEDFEDFD-2B94-4AA0-A5D9-B7633489D724}.Debug|x86.Build.0 = Debug|Win32
		{DEDFEDFD-2B94-4AA0-A5D9-B7633489D724}.Release|x64.ActiveCfg = Release|x64
		{DEDFEDFD-2B94-4AA0-A5D9-B7633489D724}.Release|x64.Build.0 = Release|x64
		{DEDFEDFD-2B94-4AA0-A5D9-B7633489D724}.Release|x86.ActiveCfg = Release|Win32
		{DEDFEDFD-2B94-4AA0-A5D9-B7633489D724}.Release|x86.Build.0 = Release|Win32
		{50EBB995-BFC7-41C7-BAEF-95D44187FF57}.Debug|x64.ActiveCfg = Debug|x64
		{50EBB995-BFC7-41C7-BAEF-95D44187FF57}.Debug|x64.Build.0 = Debug|x64
		{50EBB995-BFC7-41C7-BAEF-95D44187FF57}.Debug|x86.ActiveCfg = Debug|Win32
		{50EBB995-BFC7-41C7-BAEF-95D44187FF57}.Debug|x86.Build.0 = Debug|Win32
		{50EBB995-BFC7-41C7-BAEF-95D44187FF57}.Release|x64.ActiveCfg = Release|x64
		{50EBB995-BFC7-41C7-BAEF-95D44187FF57}.Release|x64.Build.0 = Release|x64
		{50EBB995-BFC7-41C7-BAEF-95D44187FF57}.Release|x86.ActiveCfg = Release|Win32
		{50EBB995-BFC7-41C7-BAEF-95D44187FF57}.Release|x86.Build.0 = Release|Win32
		{80B37EF0-0639-495C-9401-E30504CE859A}.Debug|x64.ActiveCfg = Debug|x64
		{80B37EF0-0639-495C-9401-E30504CE859A}.Debug|x64.Build.0 = Debug|x64
		{80B37EF0-0639-495C-9401-E30504CE859A}.Debug|x86.ActiveCfg = Debug|Win32
		{80B37EF0-0639-495C-9401-E30504CE859A}.Debug|x86.Build.0 = Debug|Win32
		{80B37EF0-0639-495C-9401-E30504CE859A}.Release|x64.ActiveCfg = Release|x64
		{80B37EF0-0639-495C-9401-E30504CE859A}.Release|x64.Build.0 = Release|x64
		{80B37EF0-0639-495C-9401-E30504CE859A}.Release|x86.ActiveCfg = Release|Win32
		{80B37EF0-0639-495C-9401-E30504CE859A}.Release|x86.Build.0 = Release|Win32
		{4FA86448-30F1-48A7-BDEA-8D5BC77C1AC1}.Debug|x64.ActiveCfg = Debug|x64
		{4FA86448-30F1-48A7-BDEA-8D5BC77C1AC1}.Debug|x64.Build.0 = Debug|x64
		{4FA86448-30F1-48A7-BDEA-8D5BC77C1AC1}.Debug|x86.ActiveCfg = Debug|Win32
		{4FA86448-30F1-48A7-BDEA-8D5BC77C1AC1}.Debug|x86.Build.0 = Debug|Win32
		{4FA86448-30F1-48A7-BDEA-8D5BC77C1AC1}.Release|x64.ActiveCfg = Release|x64
		{4FA86448-30F1-48A7-BDEA-8D5BC77C1AC1}.Release|x64.Build.0 = Release|x64
		{4FA86448-30F1-48A7-BDEA-8D5BC77C1AC1}.Release|x86.ActiveCfg = Release|Win32
		{4FA86448-30F1-48A7-BDEA-8D5BC77C1AC1}.Release|x86.Build.0 = Release|Win32
		{7519F81C-B5AB-4A5A-AC34-C9426462D295}.Debug|x64.ActiveCfg = Debug|x64
		{7519F81C-B5AB-4A5A-AC34-C9426462D295}.Debug|x64.Build.0 = Debug|x64
		{7519F81C-B5AB-4A5A-AC34-C9426462D295}.Debug|x86.ActiveCfg = Debug|Win32
		{7519F81C-B5AB-4A5A-AC34-C9426462D295}.Debug|x86.Build.0 = Debug|Win32
		{7519F81C-B5AB-4A5A-AC34-C9426462D295}.Release|x64.ActiveCfg = Release|x64
		{7519F81C-B5AB-4A5A-AC34-C9426462D295}.Release|x64.Build.0 = Release|x64
		{7519F81C-B5AB-4A5A-AC34-C9426462D295}.Release|x86.ActiveCfg = Release|Win32
		{7519F81C-B5AB-4A5A-AC34-C9426462D295}.Release|x86.Build.0 = Release|Win32
		{3353BDCC-A5D2-46F2-BF01-F01F335A6906}.Debug|x64.ActiveCfg = Debug|x64
		{3353BDCC-A5D2-46F2-BF01-F01F335A6906}.Debug|x64.Build.0 = Debug|x64
		{3353BDCC-A5D2-46F2-BF01-F01F335A6906}.Debug|x86.ActiveCfg = Debug|Win32
		{3353BDCC-A5D2-46F2-BF01-F01F335A6906}.Debug|x86.Build.0 = Debug|Win32
		{3353BDCC-A5D2-46F2-BF01-F01F335A6906}.Release|x64.ActiveCfg = Release|x64
		{3353BDCC-A5D2-46F2-BF01-F01F335A6906}.Release|x64.Build.0 = Release|x64
		{3353BDCC-A5D2-46F2-BF01-F01F335A6906}.Release|x86.ActiveCfg = Release|Win32
		{3353BDCC-A5D2-46F2-BF01-F01F335A6906}.Release|x86.Build.0 = Release|Win32
		{05E3511D-8292-4510-9B0B-165BE6CAE327}.Debug|x64.ActiveCfg = Debug|x64
		{05E3511D-8292-4510-9B0B-165BE6CAE327}.Debug|x64.Build.0 = Debug|x64
		{05E3511D-8292-4510-9B0B-165BE6CAE327}.Debug|x86.ActiveCfg = Debug|Win32
		{05E3511D-8292-4510-9B0B-165BE6CAE327}.Debug|x86.Build.0 = Debug|Win32
		{05E3511D-8292-4510-9B0B-165BE6CAE327}.Release|x64.ActiveCfg = Release|x64
		{05E3511D-8292-4510-9B0B-165BE6CAE327}.Release|x64.Build.0 = Release|x64
		{05E3511D-8292-4510-9B0B-165BE6CAE327}.Release|x86.ActiveCfg = Release|Win32
		{05E3511D-8292-4510-9B0B-165BE6CAE327}.Release|x86.Build.0 = Release|Win32
		{FC2B16A5-7633-49C0-839C-3529F9ED2B2E}.Debug|x64.ActiveCfg = Debug|x64
		{FC2B16A5-7633-49C0-839C-3529F9ED2B2E}.Debug|x64.Build.0 = Debug|x64
		{FC2B16A5-7633-49C0-839C-3529F9ED2B2E}.Debug|x86.ActiveCfg = Debug|Win32
		{FC2B16A5-7633-49C0-839C-3529F9ED2B2E}.Debug|x86.Build.0 = Debug|Win32
		{FC2B16A5-7633-49C0-839C-3529F9ED2B2E}.Release|x64.ActiveCfg = Release|x64
		{FC2B16A5-7633-49C0-839C-3529F9ED2B2E}.Release|x64.Build.0 = Release|x64
		{FC2B16A5-7633-49C0-839C-3529F9ED2B2E}.Release|x86.ActiveCfg = Release|Win32
		{FC2B16A5-7633-49C0-839C-3529F9ED2B2E}.Release|x86.Build.0 = Release|Win32
		{48445332-5C03-4CE0-90C1-50EC010853DC}.Debug|x64.ActiveCfg = Debug|x64
		{48445332-5C03-4CE0-90C1-50EC010853DC}.Debug|x64.Build.0 = Debug|x64
		{48445332-5C03-4CE0-90C1-50EC010853DC}.Debug|x86.ActiveCfg = Debug|Win32
		{48445332-5C03-4CE0-90C1-50EC010853DC}.Debug|x86.Build.0 = Debug|Win32
		{48445332-5C03-4CE0-90C1-50EC010853DC}.Release|x64.ActiveCfg = Release|x64
		{48445332-5C03-4CE0-90C1-50EC010853DC}.Release|x64.Build.0 = Release|x64
		{48445332-5C03-4CE0-90C1-50EC010853DC}.Release|x86.ActiveCfg = Release|Win32
		{48445332-5C03-4CE0-90C1-50EC010853DC}.Release|x86.Build.0 = Release|Win32
		{2686D9D2-DD87-46C3-823D-0225DA04633A}.Debug|x64.ActiveCfg = Debug|x64
		{2686D9D2-DD87-46C3-823D-0225DA04633A}.Debug|x64.Build.0 = Debug|x64
		{2686D9D2-DD87-46C3-823D-0225DA04633A}.Debug|x86.ActiveCfg = Debug|Win32
		{2686D9D2-DD87-46C3-823D-0225DA04633A}.Debug|x86.Build.0 = Debug|Win32
		{2686D9D2-DD87-46C3-823D-0225DA04633A}.Release|x64.ActiveCfg = Release|x64
		{2686D9D2-DD87-46C3-823D-0225DA04633A}.Release|x64.Build.0 = Release|x64
		{2686D9D2-DD87-46C3-823D-0225DA04633A}.Release|x86.ActiveCfg = Release|Win32
		{2686D9D2-DD87-46C3-823D-0225DA04633A}.Release|x86.Build.0 = Release|Win32
		{C96A13BD-A593-4450-969A-776BE9DE36AF}.Debug|x64.ActiveCfg = Debug|x64
		{C96A13BD-A593-4450-969A-776BE9DE36AF}.Debug|x64.Build.0 = Debug|x64
		{C96A13BD-A593-4450-969A-776BE9DE36AF}.Debug|x86.ActiveCfg = Debug|Win32
		{C96A13BD-A593-4450-969A-776BE9DE36AF}.Debug|x86.Build.0 = Debug|Win32
		{C96A13BD-A593-4450-969A-776BE9DE36AF}.Release|x64.ActiveCfg = Release|x64
		{C96A13BD-A593-4450-969A-776BE9DE36AF}.Release|x64.Build.0 = Release|x64
		{C96A13BD-A593-4450-969A-776BE9DE36AF}.Release|x86.ActiveCfg = Release|Win32
		{C96A13BD-A593-4450-969A-776BE9DE36AF}.Release|x86.Build.0 = Release|Win32
		{A8360869-8914-4991-83A3-1C1E6DA573DF}.Debug|x64.ActiveCfg = Debug|x64
		{A8360869-8914-4991-83A3-1C1E6DA573DF}.Debug|x64.Build.0 = Debug|x64
		{A8360869-8914-4991-83A3-1C1E6DA573DF}.Debug|x86.ActiveCfg = Debug|Win32
		{A8360869-8914-4991-83A3-1C1E6DA573DF}.Debug|x86.Build.0 = Debug|Win32
		{A8360869-8914-4991-83A3-1C1E6DA573DF}.Release|x64.ActiveCfg = Release|x64
		{A8360869-8914-4991-83A3-1C1E6DA573DF}.Release|x64.Build.0 = Release|x64
		{A8360869-8914-4991-83A3-1C1E6DA573DF}.Release|x86.ActiveCfg = Release|Win32
		{A8360869-8914-4991-83A3-1C1E6DA573DF}.Release|x86.Build.0 = Release|Win32
		{F3FB337C-380E-48B1-84B9-B9AE6B8F7994}.Debug|x64.ActiveCfg = Debug|x64
		{F3FB337C-380E-48B1-84B9-B9AE6B8F7994}.Debug|x64.Build.0 = Debug|x64
		{F3FB337C-380E-48B1-84B9-B9AE6B8F7994}.Debug|x86.ActiveCfg = Debug|Win32
		{F3FB337C-380E-48B1-84B9-B9AE6B8F7994}.Debug|x86.Build.0 = Debug|Win32
		{F3FB337C-380E-48B1-84B9-B9AE6B8F7994}.Release|x64.ActiveCfg = Release|x64
		{F3FB337C-380E-48B1-84B9-B9AE6B8F7994}.Release|x64.Build.0 = Release|x64
		{F3FB337C-380E-48B1-84B9-B9AE6B8F7994}.Release|x86.ActiveCfg = Release|Win32
		{F3FB337C-380E-48B1-84B9-B9AE6B8F7994}.Release|x86.Build.0 = Release|Win32
		{EE07BF8F-8067-43A8-B72A-7C529402BCA2}.Debug|x64.ActiveCfg = Debug|x64
		{EE07BF8F-8067-43A8-B72A-7C529402BCA2}.Debug|x64.Build.0 = Debug|x64
		{EE07BF8F-8067-43A8-B72A-7C529402BCA2}.Debug|x86.ActiveCfg = Debug|Win32
		{EE07BF8F-8067-43A8-B72A-7C529402BCA2}.Debug|x86.Build.0 = Debug|Win32
		{EE07BF8F-8067-43A8-B72A-7C529402BCA2}.Release|x64.ActiveCfg = Release|x64
		{EE07BF8F-8067-43A8-B72A-7C529402BCA2}.Release|x64.Build.0 = Release|x64
		{EE07BF8F-8067-43A8-B72A-7C529402BCA2}.Release|x86.ActiveCfg = Release|Win32
		{EE07BF8F-8067-43A8-B72A-7C529402BCA2}.Release|x86.Build.0 = Release|Win32
		{25D495A4-94C5-43E9-97C5-27644958BDFB}.Debug|x64.ActiveCfg = Debug|x64
		{25D495A4-94C5-43E9-97C5-27644958BDFB}.Debug|x64.Build.0 = Debug|x64
		{25D495A4-94C5-43E9-97C5-27644958BDFB}.Debug|x86.ActiveCfg = Debug|Win32
		{25D495A4-94C5-43E9-97C5-27644958BDFB}.Debug|x86.Build.0 = Debug|Win32
		{25D495A4-94C5-43E9-97C5-27644958BDFB}.Release|x64.ActiveCfg = Release|x64
		{25D495A4-94C5-43E9-97C5-27644958BDFB}.Release|x64.Build.0 = Release|x64
		{25D495A4-94C5-43E9-97C5-27644958BDFB}.Release|x86.ActiveCfg = Release|Win32
		{25D495A4-94C5-43E9-97C5-27644958BDFB}.Release|x86.Build.0 = Release|Win32
		{31D2709F-D9FD-4121-8CFC-C48428C910CD}.Debug|x64.ActiveCfg = Debug|x64
		{31D2709F-D9FD-4121-8CFC-C48428C910CD}.Debug|x64.Build.0 = Debug|x64
		{31D2709F-D9FD-4121-8CFC-C48428C910CD}.Debug|x86.ActiveCfg = Debug|Win32
		{31D2709F-D9FD-4121-8CFC-C48428C910CD}.Debug|x86.Build.0 = Debug|Win32
		{31D2709F-D9FD-4121-8CFC-C48428C910CD}.Release|x64.ActiveCfg = Release|x64
		{31D2709F-D9FD-4121-8CFC-C48428C910CD}.Release|x64.Build.0 = Release|x64
		{31D2709F-D9FD-4121-8CFC-C48428C910CD}.Release|x86.ActiveCfg = Release|Win32
		{31D2709F-D9FD-4121-8CFC-C48428C910CD}.Release|x86.Build.0 = Release|Win32
		{E2645236-98EC-46BC-907D-94AE9408C3B0}.Debug|x64.ActiveCfg = Debug|x64
		{E2645236-98EC-46BC-907D-94AE9408C3B0}.Debug|x64.Build.0 = Debug|x64
		{E2645236-98EC-46BC-907D-94AE9408C3B0}.Debug|x86.ActiveCfg = Debug|Win32
		{E2645236-98EC-46BC-907D-94AE9408C3B0}.Debug|x86.Build.0 = Debug|Win32
		{E2645236-98EC-46BC-907D-94AE9408C3B0}.Release|x64.ActiveCfg = Release|x64
		{E2645236-98EC-46BC-907D-94AE9408C3B0}.Release|x64.Build.0 = Release|x64
		{E2645236-98EC-46BC-907D-94AE9408C3B0}.Release|x86.ActiveCfg = Release|Win32
		{E2645236-98EC-46BC-907D-94AE9408C3B0}.Release|x86.Build.0 = Release|Win32
		{60DEB985-B861-4257-9B1D-830DB7FB762A}.Debug|x64.ActiveCfg = Debug|x64
		{60DEB985-B861-4257-9B1D-830DB7FB762A}.Debug|x64.Build.0 = Debug|x64
		{60DEB985-B861-4257-9B1D-830DB7FB762A}.Debug|x86.ActiveCfg = Debug|Win32
		{60DEB985-B861-4257-9B1D-830DB7FB762A}.Debug|x86.Build.0 = Debug|Win32
		{60DEB985-B861-4257-9B1D-830DB7FB762A}.Release|x64.ActiveCfg = Release|x64
		{60DEB985-B861-4257-9B1D-830DB7FB762A}.Release|x64.Build.0 = Release|x64
		{60DEB985-B861-4257-9B1D-830DB7FB762A}.Release|x86.ActiveCfg = Release|Win32
		{60DEB985-B861-4257-9B1D-830DB7FB762A}.Release|x86.Build.0 = Release|Win32
		{5C3DCE86-74F5-4258-93C0-4D7A354CAB81}.Debug|x64.ActiveCfg = Debug|x64
		{5C3DCE86-74F5-4258-93C0-4D7A354CAB81}.Debug|x64.Build.0 = Debug|x64
		{5C3DCE86-74F5-4258-93C0-4D7A354CAB81}.Debug|x86.ActiveCfg = Debug|Win32
		{5C3DCE86-74F5-4258-93C0-4D7A354CAB81}.Debug|x86.Build.0 = Debug|Win32
		{5C3DCE86-74F5-4258-93C0-4D7A354CAB81}.Release|x64.ActiveCfg = Release|x64
		{5C3DCE86-74F5-4258-93C0-4D7A354CAB81}.Release|x64.Build.0 = Release|x64
		{5C3DCE86-74F5-4258-93C0-4D7A354CAB81}.Release|x86.ActiveCfg = Release|Win32
		{5C3DCE86-74F5-4258-93C0-4D7A354CAB81}.Release|x86.Build.0 = Release|Win32
		{CB27083A-9D1C-49AE-BCFA-63187D1C8A20}.Debug|x64.ActiveCfg = Debug|x64
		{CB27083A-9D1C-49AE-BCFA-63187D1C8A20}.Debug|x64.Build.0 = Debug|x64
		{CB27083A-9D1C-49AE-BCFA-63187D1C8A20}.Debug|x86.ActiveCfg = Debug|Win32
		{CB27083A-9D1C-49AE-BCFA-63187D1C8A20}.Debug|x86.Build.0 = Debug|Win32
		{CB27083A-9D1C-49AE-BCFA-63187D1C8A20}.Release|x64.ActiveCfg = Release|x64
		{CB27083A-9D1C-49AE-BCFA-63187D1C8A20}.Release|x64.Build.0 = Release|x64
		{CB27083A-9D1C-49AE-BCFA-63187D1C8A20}.Release|x86.ActiveCfg = Release|Win32
		{CB27083A-9D1C-49AE-BCFA-63187D1C8A20}.Release|x86.Build.0 = Release|Win32
		{2573E3A8-ED0D-4EB6-8792-072AB503F674}.Debug|x64.ActiveCfg = Debug|x64
		{2573E3A8-ED0D-4EB6-8792-072AB503F674}.Debug|x64.Build.0 = Debug|x64
		{2573E3A8-ED0D-4EB6-8792-072AB503F674}.Debug|x86.ActiveCfg = Debug|Win32
		{2573E3A8-ED0D-4EB6-8792-072AB503F674}.Debug|x86.Build.0 = Debug|Win32
		{2573E3A8-ED0D-4EB6-8792-072AB503F674}.Release|x64.ActiveCfg = Release|x64
		{2573E3A8-ED0D-4EB6-8792-072AB503F674}.Release|x64.Build.0 = Release|x64
		{2573E3A8-ED0D-4EB6-8792-072AB503F674}.Release|x86.ActiveCfg = Release|Win32
		{2573E3A8-ED0D-4EB6-8792-072AB503F674}.Release|x86.Build.0 = Release|Win32
		{66B0E927-B67C-4A35-B0CD-DF9361162ED0}.Debug|x64.ActiveCfg = Debug|x64
		{66B0E927-B67C-4A35-B0CD-DF9361162ED0}.Debug|x64.Build.0 = Debug|x64
		{66B0E927-B67C-4A35-B0CD-DF9361162ED0}.Debug|x86.ActiveCfg = Debug|Win32
		{66B0E927-B67C-4A35-B0CD-DF9361162ED0}.Debug|x86.Build.0 = Debug|Win32
		{66B0E927-B67C-4A35-B0CD-DF9361162ED0}.Release|x64.ActiveCfg = Release|x64
		{66B0E927-B67C-4A35-B0CD-DF9361162ED0}.Release|x64.Build.0 = Release|x64
		{66B0E927-B67C-4A35-B0CD-DF9361162ED0}.Release|x86.ActiveCfg = Release|Win32
		{66B0E927-B67C-4A35-B0CD-DF9361162ED0}.Release|x86.Build.0 = Release|Win32
		{2D40DCBC-4D1D-475A-86F3-452750A7C68D}.Debug|x64.ActiveCfg = Debug|x64
		{2D40DCBC-4D1D-475A-86F3-452750A7C68D}.Debug|x64.Build.0 = Debug|x64
		{2D40DCBC-4D1D-475A-86F3-452750A7C68D}.Debug|x86.ActiveCfg = Debug|Win32
		{2D40DCBC-4D1D-475A-86F3-452750A7C68D}.Debug|x86.Build.0 = Debug|Win32
		{2D40DCBC-4D1D-475A-86F3-452750A7C68D}.Release|x64.ActiveCfg = Release|x64
		{2D40DCBC-4D1D-475A-86F3-452750A7C68D}.Release|x64.Build.0 = Release|x64
		{2D40DCBC-4D1D-475A-86F3-452750A7C68D}.Release|x86.ActiveCfg = Release|Win32
		{2D40DCBC-4D1D-475A-86F3-452750A7C68D}.Release|x86.Build.0 = Release|Win32
		{2AE502B7-309B-42A0-8A86-EE27F1579F97}.Debug|x64.ActiveCfg = Debug|x64
		{2AE502B7-309B-42A0-8A86-EE27F1579F97}.Debug|x64.Build.0 = Debug|x64
		{2AE502B7-309B-42A0-8A86-EE27F1579F97}.Debug|x86.ActiveCfg = Debug|Win32
		{2AE502B7-309B-42A0-8A86-EE27F1579F97}.Debug|x86.Build.0 = Debug|Win32
		{2AE502B7-309B-42A0-8A86-EE27F1579F97}.Release|x64.ActiveCfg = Release|x64
		{2AE502B7-309B-42A0-8A86-EE27F1579F97}.Release|x64.Build.0 = Release|x64
		{2AE502B7-309B-42A0-8A86-EE27F1579F97}.Release|x86.ActiveCfg = Release|Win32
		{2AE502B7-309B-42A0-8A86-EE27F1579F97}.Release|x86.Build.0 = Release|Win32
		{164BCAE3-7D30-4DC6-982B-1FCE3B9E6D13}.Debug|x64.ActiveCfg = Debug|x64
		{164BCAE3-7D30-4DC6-982B-1FCE3B9E6D13}.Debug|x64.Build.0 = Debug|x64
		{164BCAE3-7D30-4DC6-982B-1FCE3B9E6D13}.Debug|x86.ActiveCfg = Debug|Win32
		{164BCAE3-7D30-4DC6-982B-1FCE3B9E6D13}.Debug|x86.Build.0 = Debug|Win32
		{164BCAE3-7D30-4DC6-982B-1FCE3B9E6D13}.Release|x64.ActiveCfg = Release|x64
		{164BCAE3-7D30-4DC6-982B-1FCE3B9E6D13}.Release|x64.Build.0 = Release|x64
		{164BCAE3-7D30-4DC6-982B-1FCE3B9E6D13}.Release|x86.ActiveCfg = Release|Win32
		{164BCAE3-7D30-4DC6-982B-1FCE3B9E6D13}.Release|x86.Build.0 = Release|Win32
		{7A9896E4-5C49-4B88-91CC-8AD34C9B2CCC}.Debug|x64.ActiveCfg = Debug|x64
		{7A9896E4-5C49-4B88-91CC-8AD34C9B2CCC}.Debug|x64.Build.0 = Debug|x64
		{7A9896E4-5C49-4B88-91CC-8AD34C9B2CCC}.Debug|x86.ActiveCfg = Debug|Win32
		{7A9896E4-5C49-4B88-91CC-8AD34C9B2CCC}.Debug|x86.Build.0 = Debug|Win32
		{7A9896E4-5C49-4B88-91CC-8AD34C9B2CCC}.Release|x64.ActiveCfg = Release|x64
		{7A9896E4-5C49-4B88-91CC-8AD34C9B2CCC}.Release|x64.Build.0 = Release|x64
		{7A9896E4-5C49-4B88-91CC-8AD34C9B2CCC}.Release|x86.ActiveCfg = Release|Win32
		{7A9896E4-5C49-4B88-91CC-8AD34C9B2CCC}.Release|x86.Build.0 = Release|Win32
		{314AC709-7309-4F26-818B-9478257552F6}.Debug|x64.ActiveCfg = Debug|x64
		{314AC709-7309-4F26-818B-9478257552F6}.Debug|x64.Build.0 = Debug|x64
		{314AC709-7309-4F26-818B-9478257552F6}.Debug|x86.ActiveCfg = Debug|Win32
		{314AC709-7309-4F26-818B-9478257552F6}.Debug|x86.Build.0 = Debug|Win32
		{314AC709-7309-4F26-818B-9478257552F6}.Release|x64.ActiveCfg = Release|x64
		{314AC709-7309-4F26-818B-9478257552F6}.Release|x64.Build.0 = Release|x64
		{314AC709-7309-4F26-818B-9478257552F6}.Release|x86.ActiveCfg = Release|Win32
		{314AC709-7309-4F26-818B-9478257552F6}.Release|x86.Build.0 = Release|Win32
		{897A85DB-160C-47C9-A525-99CA46E4AD18}.Debug|x64.ActiveCfg = Debug|x64
		{897A85DB-160C-47C9-A525-99CA46E4AD18}.Debug|x64.Build.0 = Debug|x64
		{897A85DB-160C-47C9-A525-99CA46E4AD18}.Debug|x86.ActiveCfg = Debug|Win32
		{897A85DB-160C-47C9-A525-99CA46E4AD18}.Debug|x86.Build.0 = Debug|Win32
		{897A85DB-160C-47C9-A525-99CA46E4AD18}.Release|x64.ActiveCfg = Release|x64
		{897A85DB-160C-47C9-A525-99CA46E4AD18}.Release|x64.Build.0 = Release|x64
		{897A85DB-160C-47C9-A525-99CA46E4AD18}.Release|x86.ActiveCfg = Release|Win32
		{897A85DB-160C-47C9-A525-99CA46E4AD18}.Release|x86.Build.0 = Release|Win32
		{9E8DE84D-22F6-41B1-A043-4597F471C839}.Debug|x64.ActiveCfg = Debug|x64
		{9E8DE84D-22F6-41B1-A043-4597F471C839}.Debug|x64.Build.0 = Debug|x64
		{9E8DE84D-22F6-41B1-A043-4597F471C839}.Debug|x86.ActiveCfg = Debug|Win32
		{9E8DE84D-22F6-41B1-A043-4597F471C839}.Debug|x86.Build.0 = Debug|Win32
		{9E8DE84D-22F6-41B1-A043-4597F471C839}.Release|x64.ActiveCfg = Release|x64
		{9E8DE84D-22F6-41B1-A043-4597F471C839}.Release|x64.Build.0 = Release|x64
		{9E8DE84D-22F6-41B1-A043-4597F471C839}.Release|x86.ActiveCfg = Release|Win32
		{9E8DE84D-22F6-41B1-A043-4597F471C839}.Release|x86.Build.0 = Release|Win32
		{451F51F5-0F6B-4187-9D6B-38DC15E74FAF}.Debug|x64.ActiveCfg = Debug|x64
		{451F51F5-0F6B-4187-9D6B-38DC15E74FAF}.Debug|x64.Build.0 = Debug|x64
		{451F51F5-0F6B-4187-9D6B-38DC15E74FAF}.Debug|x86.ActiveCfg = Debug|Win32
		{451F51F5-0F6B-4187-9D6B-38DC15E74FAF}.Debug|x86.Build.0 = Debug|Win32
		{451F51F5-0F6B-4187-9D6B-38DC15E74FAF}.Release|x64.ActiveCfg = Release|x64
		{451F51F5-0F6B-4187-9D6B-38DC15E74FAF}.Release|x64.Build.0 = Release|x64
		{451F51F5-0F6B-4187-9D6B-38DC15E74FAF}.Release|x86.ActiveCfg = Release|Win32
		{451F51F5-0F6B-4187-9D6B-38DC15E74FAF}.Release|x86.Build.0 = Release|Win32
		{B49841D7-87D2-4865-85FF-5B1899714DD0}.Debug|x64.ActiveCfg = Debug|x64
		{B49841D7-87D2-4865-85FF-5B1899714DD0}.Debug|x64.Build.0 = Debug|x64
		{B49841D7-87D2-4865-85FF-5B1899714DD0}.Debug|x86.ActiveCfg = Debug|Win32
		{B49841D7-87D2-4865-85FF-5B1899714DD0}.Debug|x86.Build.0 = Debug|Win32
		{B49841D7-87D2-4865-85FF-5B1899714DD0}.Release|x64.ActiveCfg = Release|x64
		{B49841D7-87D2-4865-85FF-5B1899714DD0}.Release|x64.Build.0 = Release|x64
		{B49841D7-87D2-4865-85FF-5B1899714DD0}.Release|x86.ActiveCfg = Release|Win32
		{B49841D7-87D2-4865-85FF-5B1899714DD0}.Release|x86.Build.0 = Release|Win32
		{AA6089DF-3FCF-4C28-A8B8-71EAFCA85A5F}.Debug|x64.ActiveCfg = Debug|x64
		{AA6089DF-3FCF-4C28-A8B8-71EAFCA85A5F}.Debug|x64.Build.0 = Debug|x64
		{AA6089DF-3FCF-4C28-A8B8-71EAFCA85A5F}.Debug|x86.ActiveCfg = Debug|Win32
		{AA6089DF-3FCF-4C28-A8B8-71EAFCA85A5F}.Debug|x86.Build.0 = Debug|Win32
		{AA6089DF-3FCF-4C28-A8B8-71EAFCA85A5F}.Release|x64.ActiveCfg = Release|x64
		{AA6089DF-3FCF-4C28-A8B8-71EAFCA85A5F}.Release|x64.Build.0 = Release|x64
		{AA6089DF-3FCF-4C28-A8B8-71EAFCA85A5F}.Release|x86.ActiveCfg = Release|Win32
		{AA6089DF-3FCF-4C28-A8B8-71EAFCA85A5F}.Release|x86.Build.0 = Release|Win32
		{29DD21D5-0700-4483-BE82-BA7D9DC8EA3B}.Debug|x64.ActiveCfg = Debug|x64
		{29DD21D5-0700-4483-BE82-BA7D9DC8EA3B}.Debug|x64.Build.0 = Debug|x64
		{29DD21D5-0700-4483-BE82-BA7D9DC8EA3B}.Debug|x86.ActiveCfg = Debug|Win32
		{29DD21D5-0700-4483-BE82-BA7D9DC8EA3B}.Debug|x86.Build.0 = Debug|Win32
		{29DD21D5-0700-4483-BE82-BA7D9DC8EA3B}.Release|x64.ActiveCfg = Release|x64
		{29DD21D5-0700-4483-BE82-BA7D9DC8EA3B}.Release|x64.Build.0 = Release|x64
		{29DD21D5-0700-4483-BE82-BA7D9DC8EA3B}.Release|x86.ActiveCfg = Release|Win32
		{29DD21D5-0700-4483-BE82-BA7D9DC8EA3B}.Release|x86.Build.0 = Release|Win32
		{CD32FC1E-54FA-48B0-B643-5D1135DF509B}.Debug|x64.ActiveCfg = Debug|x64
		{CD32FC1E-54FA-48B0-B643-5D1135DF509B}.Debug|x64.Build.0 = Debug|x64
		{CD32FC1E-54FA-48B0-B643-5D1135DF509B}.Debug|x86.ActiveCfg = Debug|Win32
		{CD32FC1E-54FA-48B0-B643-5D1135DF509B}.Debug|x86.Build.0 = Debug|Win32
		{CD32FC1E-54FA-48B0-B643-5D1135DF509B}.Release|x64.ActiveCfg = Release|x64
		{CD32FC1E-54FA-48B0-B643-5D1135DF509B}.Release|x64.Build.0 = Release|x64
		{CD32FC1E-54FA-48B0-B643-5D1135DF509B}.Release|x86.ActiveCfg = Release|Win32
		{CD32FC1E-54FA-48B0-B643-5D1135DF509B}.Release|x86.Build.0 = Release|Win32
		{97F69997-7543-4425-807B-D0937525FD84}.Debug|x64.ActiveCfg = Debug|x64
		{97F69997-7543-4425-807B-D0937525FD84}.Debug|x64.Build.0 = Debug|x64
		{97F69997-7543-4425-807B-D0937525FD84}.Debug|x86.ActiveCfg = Debug|Win32
		{97F69997-7543-4425-807B-D0937525FD84}.Debug|x86.Build.0 = Debug|Win32
		{97F69997-7543-4425-807B-D0937525FD84}.Release|x64.ActiveCfg = Release|x64
		{97F69997-7543-4425-807B-D0937525FD84}.Release|x64.Build.0 = Release|x64
		{97F69997-7543-4425-807B-D0937525FD84}.Release|x86.ActiveCfg = Release|Win32
		{97F69997-7543-4425-807B-D0937525FD84}.Release|x86.Build.0 = Release|Win32
		{2187D3A2-9AE2-47FA-94F2-CA3C3A03F37D}.Debug|x64.ActiveCfg = Debug|x64
		{2187D3A2-9AE2-47FA-94F2-CA3C3A03F37D}.Debug|x64.Build.0 = Debug|x64
		{2187D3A2-9AE2-47FA-94F2-CA3C3A03F37D}.Debug|x86.ActiveCfg = Debug|Win32
		{2187D3A2-9AE2-47FA-94F2-CA3C3A03F37D}.Debug|x86.Build.0 = Debug|Win32
		{2187D3A2-9AE2-47FA-94F2-CA3C3A03F37D}.Release|x64.ActiveCfg = Release|x64
		{2187D3A2-9AE2-47FA-94F2-CA3C3A03F37D}.Release|x64.Build.0 = Release|x64
		{2187D3A2-9AE2-47FA-94F2-CA3C3A03F37D}.Release|x86.ActiveCfg = Release|Win32
		{2187D3A2-9AE2-47FA-94F2-CA3C3A03F37D}.Release|x86.Build.0 = Release|Win32
		{4940985A-C2D8-4898-95BF-FC8A2667E067}.Debug|x64.ActiveCfg = Debug|x64
		{4940985A-C2D8-4898-95BF-FC8A2667E067}.Debug|x64.Build.0 = Debug|x64
		{4940985A-C2D8-4898-95BF-FC8A2667E067}.Debug|x86.ActiveCfg = Debug|Win32
		{4940985A-C2D8-4898-95BF-FC8A2667E067}.Debug|x86.Build.0 = Debug|Win32
		{4940985A-C2D8-4898-95BF-FC8A2667E067}.Release|x64.ActiveCfg = Release|x64
		{4940985A-C2D8-4898-95BF-FC8A2667E067}.Release|x64.Build.0 = Release|x64
		{4940985A-C2D8-4898-95BF-FC8A2667E067}.Release|x86.ActiveCfg = Release|Win32
		{4940985A-C2D8-4898-95BF-FC8A2667E067}.Release|x86.Build.0 = Release|Win32
		{7AA847B5-23C3-4C9E-AC85-0D189C8B201B}.Debug|x64.ActiveCfg = Debug|x64
		{7AA847B5-23C3-4C9E-AC85-0D189C8B201B}.Debug|x64.Build.0 = Debug|x64
		{7AA847B5-23C3-4C9E-AC85-0D189C8B201B}.Debug|x86.ActiveCfg = Debug|Win32
		{7AA847B5-23C3-4C9E-AC85-0D189C8B201B}.Debug|x86.Build.0 = Debug|Win32
		{7AA847B5-23C3-4C9E-AC85-0D189C8B201B}.Release|x64.ActiveCfg = Release|x64
		{7AA847B5-23C3-4C9E-AC85-0D189C8B201B}.Release|x64.Build.0 = Release|x64
		{7AA847B5-23C3-4C9E-AC85-0D189C8B201B}.Release|x86.ActiveCfg = Release|Win32
		{7AA847B5-23C3-4C9E-AC85-0D189C8B201B}.Release|x86.Build.0 = Release|Win32
		{CC13211A-4847-462D-BE24-A27B197AABE9}.Debug|x64.ActiveCfg = Debug|x64
		{CC13211A-4847-462D-BE24-A27B197AABE9}.Debug|x64.Build.0 = Debug|x64
		{CC13211A-4847-462D-BE24-A27B197AABE9}.Debug|x86.ActiveCfg = Debug|Win32
		{CC13211A-4847-462D-BE24-A27B197AABE9}.Debug|x86.Build.0 = Debug|Win32
		{CC13211A-4847-462D-BE24-A27B197AABE9}.Release|x64.ActiveCfg = Release|x64
		{CC13211A-4847-462D-BE24-A27B197AABE9}.Release|x64.Build.0 = Release|x64
		{CC13211A-4847-462D-BE24-A27B197AABE9}.Release|x86.ActiveCfg = Release|Win32
		{CC13211A-4847-462D-BE24-A27B197AABE9}.Release|x86.Build.0 = Release|Win32
		{A22B1DD5-28F5-492F-B128-C35EA80E5BF2}.Debug|x64.ActiveCfg = Debug|x64
		{A22B1DD5-28F5-492F-B128-C35EA80E5BF2}.Debug|x64.Build.0 = Debug|x64
		{A22B1DD5-28F5-492F-B128-C35EA80E5BF2}.Debug|x86.ActiveCfg = Debug|Win32
		{A22B1DD5-28F5-492F-B128-C35EA80E5BF2}.Debug|x86.Build.0 = Debug|Win32
		{A22B1DD5-28F5-492F-B128-C35EA80E5BF2}.Release|x64.ActiveCfg = Release|x64
		{A22B1DD5-28F5-492F-B128-C35EA80E5BF2}.Release|x64.Build.0 = Release|x64
		{A22B1DD5-28F5-492F-B128-C35EA80E5BF2}.Release|x86.ActiveCfg = Release|Win32
		{A22B1DD5-28F5-492F-B128-C35EA80E5BF2}.Release|x86.Build.0 = Release|Win32
		{64A8D088-71D7-42A0-AC84-04CE05B2A2E0}.Debug|x64.ActiveCfg = Debug|x64
		{64A8D088-71D7-42A0-AC84-04CE05B2A2E0}.Debug|x64.Build.0 = Debug|x64
		{64A8D088-71D7-42A0-AC84-04CE05B2A2E0}.Debug|x86.ActiveCfg = Debug|Win32
		{64A8D088-71D7-42A0-AC84-04CE05B2A2E0}.Debug|x86.Build.0 = Debug|Win32
		{64A8D088-71D7-42A0-AC84-04CE05B2A2E0}.Release|x64.ActiveCfg = Release|x64
		{64A8D088-71D7-42A0-AC84-04CE05B2A2E0}.Release|x64.Build.0 = Release|x64
		{64A8D088-71D7-42A0-AC84-04CE05B2A2E0}.Release|x86.ActiveCfg = Release|Win32
		{64A8D088-71D7-42A0-AC84-04CE05B2A2E0}.Release|x86.Build.0 = Release|Win32
		{02B44C1B-0045-4030-A914-9D3A1A6D6E8A}.Debug|x64.ActiveCfg = Debug|x64
		{02B44C1B-0045-4030-A914-9D3A1A6D6E8A}.Debug|x64.Build.0 = Debug|x64
		{02B44C1B-0045-4030-A914-9D3A1A6D6E8A}.Debug|x86.ActiveCfg = Debug|Win32
		{02B44C1B-0045-4030-A914-9D3A1A6D6E8A}.Debug|x86.Build.0 = Debug|Win32
		{02B44C1B-0045-4030-A914-9D3A1A6D6E8A}.Release|x64.ActiveCfg = Release|x64
		{02B44C1B-0045-4030-A914-9D3A1A6D6E8A}.Release|x64.Build.0 = Release|x64
		{02B44C1B-0045-4030-A914-9D3A1A6D6E8A}.Release|x86.ActiveCfg = Release|Win32
		{02B44C1B-0045-4030-A914-9D3A1A6D6E8A}.Release|x86.Build.0 = Release|Win32
		{6E99EAC3-A7E7-4275-B31D-ACB031A3DEBD}.Debug|x64.ActiveCfg = Debug|x64
		{6E99EAC3-A7E7-4275-B31D-ACB031A3DEBD}.Debug|x64.Build.0 = Debug|x64
		{6E99EAC3-A7E7-4275-B31D-ACB031A3DEBD}.Debug|x86.ActiveCfg = Debug|Win32
		{6E99EAC3-A7E7-4275-B31D-ACB031A3DEBD}.Debug|x86.Build.0 = Debug|Win32
		{6E99EAC3-A7E7-4275-B31D-ACB031A3DEBD}.Release|x64.ActiveCfg = Release|x64
		{6E99EAC3-A7E7-4275-B31D-ACB031A3DEBD}.Release|x64.Build.0 = Release|x64
		{6E99EAC3-A7E7-4275-B31D-ACB031A3DEBD}.Release|x86.ActiveCfg = Release|Win32
		{6E99EAC3-A7E7-4275-B31D-ACB031A3DEBD}.Release|x86.Build.0 = Release|Win32
		{F032D72B-67A7-4BE0-B695-2FAD507D90A8}.Debug|x64.ActiveCfg = Debug|x64
		{F032D72B-67A7-4BE0-B695-2FAD507D90A8}.Debug|x64.Build.0 = Debug|x64
		{F032D72B-67A7-4BE0-B695-2FAD507D90A8}.Debug|x86.ActiveCfg = Debug|Win32
		{F032D72B-67A7-4BE0-B695-2FAD507D90A8}.Debug|x86.Build.0 = Debug|Win32
		{F032D72B-67A7-4BE0-B695-2FAD507D90A8}.Release|x64.ActiveCfg = Release|x64
		{F032D72B-67A7-4BE0-B695-2FAD507D90A8}.Release|x64.Build.0 = Release|x64
		{F032D72B-67A7-4BE0-B695-2FAD507D90A8}.Release|x86.ActiveCfg = Release|Win32
		{F032D72B-67A7-4BE0-B695-2FAD507D90A8}.Release|x86.Build.0 = Release|Win32
		{A14BC00F-48D7-4D69-A90D-F047BD91A045}.Debug|x64.ActiveCfg = Debug|x64
		{A14BC00F-48D7-4D69-A90D-F047BD91A045}.Debug|x64.Build.0 = Debug|x64
		{A14BC00F-48D7-4D69-A90D-F047BD91A045}.Debug|x86.ActiveCfg = Debug|Win32
		{A14BC00F-48D7-4D69-A90D-F047BD91A045}.Debug|x86.Build.0 = Debug|Win32
		{A14BC00F-48D7-4D69-A90D-F047BD91A045}.Release|x64.ActiveCfg = Release|x64
		{A14BC00F-48D7-4D69-A90D-F047BD91A045}.Release|x64.Build.0 = Release|x64
		{A14BC00F-48D7-4D69-A90D-F047BD91A045}.Release|x86.ActiveCfg = Release|Win32
		{A14BC00F-48D7-4D69-A90D-F047BD91A045}.Release|x86.Build.0 = Release|Win32
		{8119FFBA-D598-46F4-BF77-EBF3986BA868}.Debug|x64.ActiveCfg = Debug|x64
		{8119FFBA-D598-46F4-BF77-EBF3986BA868}.Debug|x64.Build.0 = Debug|x64
		{8119FFBA-D598-46F4-BF77-EBF3986BA868}.Debug|x86.ActiveCfg = Debug|Win32
		{8119FFBA-D598-46F4-BF77-EBF3986BA868}.Debug|x86.Build.0 = Debug|Win32
		{8119FFBA-D598-46F4-BF77-EBF3986BA868}.Release|x64.ActiveCfg = Release|x64
		{8119FFBA-D598-46F4-BF77-EBF3986BA868}.Release|x64.Build.0 = Release|x64
		{8119FFBA-D598-46F4-BF77-EBF3986BA868}.Release|x86.ActiveCfg = Release|Win32
		{8119FFBA-D598-46F4-BF77-EBF3986BA868}.Release|x86.Build.0 = Release|Win32
		{F9EEBF30-0D21-4B8C-AFA4-1DA0E1050DE3}.Debug|x64.ActiveCfg = Debug|x64
		{F9EEBF30-0D21-4B8C-AFA4-1DA0E1050DE3}.Debug|x64.Build.0 = Debug|x64
		{F9EEBF30-0D21-4B8C-AFA4-1DA0E1050DE3}.Debug|x86.ActiveCfg = Debug|Win32
		{F9EEBF30-0D21-4B8C-AFA4-1DA0E1050DE3}.Debug|x86.Build.0 = Debug|Win32
		{F9EEBF30-0D21-4B8C-AFA4-1DA0E1050DE3}.Release|x64.ActiveCfg = Release|x64
		{F9EEBF30-0D21-4B8C-AFA4-1DA0E1050DE3}.Release|x64.Build.0 = Release|x64
		{F9EEBF30-0D21-4B8C-AFA4-1DA0E1050DE3}.Release|x86.ActiveCfg = Release|Win32
		{F9EEBF30-0D21-4B8C-AFA4-1DA0E1050DE3}.Release|x86.Build.0 = Release|Win32
		{9A0A124D-D654-42EB-BEF4-4D50DF1E79E7}.Debug|x64.ActiveCfg = Debug|x64
		{9A0A124D-D654-42EB-BEF4-4D50DF1E79E7}.Debug|x64.Build.0 = Debug|x64
		{9A0A124D-D654-42EB-BEF4-4D50DF1E79E7}.Debug|x86.ActiveCfg = Debug|Win32
		{9A0A124D-D654-42EB-BEF4-4D50DF1E79E7}.Debug|x86.Build.0 = Debug|Win32
		{9A0A124D-D654-42EB-BEF4-4D50DF1E79E7}.Release|x64.ActiveCfg = Release|x64
		{9A0A124D-D654-42EB-BEF4-4D50DF1E79E7}.Release|x64.Build.0 = Release|x64
		{9A0A124D-D654-42EB-BEF4-4D50DF1E79E7}.Release|x86.ActiveCfg = Release|Win32
		{9A0A124D-D654-42EB-BEF4-4D50DF1E79E7}.Release|x86.Build.0 = Release|Win32
		{62EE2A42-99EA-4CA3-97BC-DBB51172BE78}.Debug|x64.ActiveCfg = Debug|x64
		{62EE2A42-99EA-4CA3-97BC-DBB51172BE78}.Debug|x64.Build.0 = Debug|x64
		{62EE2A42-99EA-4CA3-97BC-DBB51172BE78}.Debug|x86.ActiveCfg = Debug|Win32
		{62EE2A42-99EA-4CA3-97BC-DBB51172BE78}.Debug|x86.Build.0 = Debug|Win32
		{62EE2A42-99EA-4CA3-97BC-DBB51172BE78}.Release|x64.ActiveCfg = Release|x64
		{62EE2A42-99EA-4CA3-97BC-DBB51172BE78}.Release|x64.Build.0 = Release|x64
		{62EE2A42-99EA-4CA3-97BC-DBB51172BE78}.Release|x86.ActiveCfg = Release|Win32
		{62EE2A42-99EA-4CA3-97BC-DBB51172BE78}.Release|x86.Build.0 = Release|Win32
		{BE2C3362-1B91-4984-AEFA-97A69A582EA2}.Debug|x64.ActiveCfg = Debug|x64
		{BE2C3362-1B91-4984-AEFA-97A69A582EA2}.Debug|x64.Build.0 = Debug|x64
		{BE2C3362-1B91-4984-AEFA-97A69A582EA2}.Debug|x86.ActiveCfg = Debug|Win32
		{BE2C3362-1B91-4984-AEFA-97A69A582EA2}.Debug|x86.Build.0 = Debug|Win32
		{BE2C3362-1B91-4984-AEFA-97A69A582EA2}.Release|x64.ActiveCfg = Release|x64
		{BE2C3362-1B91-4984-AEFA-97A69A582EA2}.Release|x64.Build.0 = Release|x64
		{BE2C3362-1B91-4984-AEFA-97A69A582EA2}.Release|x86.ActiveCfg = Release|Win32
		{BE2C3362-1B91-4984-AEFA-97A69A582EA2}.Release|x86.Build.0 = Release|Win32
	EndGlobalSection
	GlobalSection(SolutionProperties) = preSolution
		HideSolutionNode = FALSE
	EndGlobalSection
	GlobalSection(ExtensibilityGlobals) = postSolution
		SolutionGuid = {7911800E-E1BD-4693-9BB2-CC6B9D29775A}
	EndGlobalSection
EndGlobal
